
Microsoft Visual Studio Solution File, Format Version 12.00
# Visual Studio Version 17
VisualStudioVersion = 17.0.31903.59
MinimumVisualStudioVersion = 10.0.40219.1
Project("{2150E333-8FDC-42A3-9474-1A3956D46DE8}") = "src", "src", "{827E0CD3-B72D-47B6-A68D-7590B98EB39B}"
EndProject
Project("{FAE04EC0-301F-11D3-BF4B-00C04F79EFBC}") = "Projector.Domain", "src\Projector.Domain\Projector.Domain.csproj", "{4712BCAB-1643-4377-8208-56489351D314}"
EndProject
Project("{FAE04EC0-301F-11D3-BF4B-00C04F79EFBC}") = "Projector.Contracts", "src\Projector.Contracts\Projector.Contracts.csproj", "{9343EF1A-26C2-442E-B1BE-4AD71B153631}"
EndProject
Project("{FAE04EC0-301F-11D3-BF4B-00C04F79EFBC}") = "Projector.ApiClient", "src\Projector.ApiClient\Projector.ApiClient.csproj", "{1A558604-B41C-46B3-B56D-18A183C5308D}"
EndProject
Project("{FAE04EC0-301F-11D3-BF4B-00C04F79EFBC}") = "Projector.Application", "src\Projector.Application\Projector.Application.csproj", "{E56F412D-A69C-485F-9420-E32775FBA6F2}"
EndProject
Project("{FAE04EC0-301F-11D3-BF4B-00C04F79EFBC}") = "Projector.Mcp.Server", "src\Projector.Mcp.Server\Projector.Mcp.Server.csproj", "{966D1D3F-3F8F-462B-8EC2-954DE0F89AF7}"
EndProject
Project("{2150E333-8FDC-42A3-9474-1A3956D46DE8}") = "tests", "tests", "{0AB3BF05-4346-4AA6-1389-037BE0695223}"
EndProject
Project("{FAE04EC0-301F-11D3-BF4B-00C04F79EFBC}") = "Projector.UnitTests", "tests\Projector.UnitTests\Projector.UnitTests.csproj", "{8659E7FE-D7D2-4D2E-90B2-C74148257860}"
EndProject
Global
	GlobalSection(SolutionConfigurationPlatforms) = preSolution
		Debug|Any CPU = Debug|Any CPU
		Debug|x64 = Debug|x64
		Debug|x86 = Debug|x86
		Release|Any CPU = Release|Any CPU
		Release|x64 = Release|x64
		Release|x86 = Release|x86
	EndGlobalSection
	GlobalSection(ProjectConfigurationPlatforms) = postSolution
		{4712BCAB-1643-4377-8208-56489351D314}.Debug|Any CPU.ActiveCfg = Debug|Any CPU
		{4712BCAB-1643-4377-8208-56489351D314}.Debug|Any CPU.Build.0 = Debug|Any CPU
		{4712BCAB-1643-4377-8208-56489351D314}.Debug|x64.ActiveCfg = Debug|Any CPU
		{4712BCAB-1643-4377-8208-56489351D314}.Debug|x64.Build.0 = Debug|Any CPU
		{4712BCAB-1643-4377-8208-56489351D314}.Debug|x86.ActiveCfg = Debug|Any CPU
		{4712BCAB-1643-4377-8208-56489351D314}.Debug|x86.Build.0 = Debug|Any CPU
		{4712BCAB-1643-4377-8208-56489351D314}.Release|Any CPU.ActiveCfg = Release|Any CPU
		{4712BCAB-1643-4377-8208-56489351D314}.Release|Any CPU.Build.0 = Release|Any CPU
		{4712BCAB-1643-4377-8208-56489351D314}.Release|x64.ActiveCfg = Release|Any CPU
		{4712BCAB-1643-4377-8208-56489351D314}.Release|x64.Build.0 = Release|Any CPU
		{4712BCAB-1643-4377-8208-56489351D314}.Release|x86.ActiveCfg = Release|Any CPU
		{4712BCAB-1643-4377-8208-56489351D314}.Release|x86.Build.0 = Release|Any CPU
		{9343EF1A-26C2-442E-B1BE-4AD71B153631}.Debug|Any CPU.ActiveCfg = Debug|Any CPU
		{9343EF1A-26C2-442E-B1BE-4AD71B153631}.Debug|Any CPU.Build.0 = Debug|Any CPU
		{9343EF1A-26C2-442E-B1BE-4AD71B153631}.Debug|x64.ActiveCfg = Debug|Any CPU
		{9343EF1A-26C2-442E-B1BE-4AD71B153631}.Debug|x64.Build.0 = Debug|Any CPU
		{9343EF1A-26C2-442E-B1BE-4AD71B153631}.Debug|x86.ActiveCfg = Debug|Any CPU
		{9343EF1A-26C2-442E-B1BE-4AD71B153631}.Debug|x86.Build.0 = Debug|Any CPU
		{9343EF1A-26C2-442E-B1BE-4AD71B153631}.Release|Any CPU.ActiveCfg = Release|Any CPU
		{9343EF1A-26C2-442E-B1BE-4AD71B153631}.Release|Any CPU.Build.0 = Release|Any CPU
		{9343EF1A-26C2-442E-B1BE-4AD71B153631}.Release|x64.ActiveCfg = Release|Any CPU
		{9343EF1A-26C2-442E-B1BE-4AD71B153631}.Release|x64.Build.0 = Release|Any CPU
		{9343EF1A-26C2-442E-B1BE-4AD71B153631}.Release|x86.ActiveCfg = Release|Any CPU
		{9343EF1A-26C2-442E-B1BE-4AD71B153631}.Release|x86.Build.0 = Release|Any CPU
		{1A558604-B41C-46B3-B56D-18A183C5308D}.Debug|Any CPU.ActiveCfg = Debug|Any CPU
		{1A558604-B41C-46B3-B56D-18A183C5308D}.Debug|Any CPU.Build.0 = Debug|Any CPU
		{1A558604-B41C-46B3-B56D-18A183C5308D}.Debug|x64.ActiveCfg = Debug|Any CPU
		{1A558604-B41C-46B3-B56D-18A183C5308D}.Debug|x64.Build.0 = Debug|Any CPU
		{1A558604-B41C-46B3-B56D-18A183C5308D}.Debug|x86.ActiveCfg = Debug|Any CPU
		{1A558604-B41C-46B3-B56D-18A183C5308D}.Debug|x86.Build.0 = Debug|Any CPU
		{1A558604-B41C-46B3-B56D-18A183C5308D}.Release|Any CPU.ActiveCfg = Release|Any CPU
		{1A558604-B41C-46B3-B56D-18A183C5308D}.Release|Any CPU.Build.0 = Release|Any CPU
		{1A558604-B41C-46B3-B56D-18A183C5308D}.Release|x64.ActiveCfg = Release|Any CPU
		{1A558604-B41C-46B3-B56D-18A183C5308D}.Release|x64.Build.0 = Release|Any CPU
		{1A558604-B41C-46B3-B56D-18A183C5308D}.Release|x86.ActiveCfg = Release|Any CPU
		{1A558604-B41C-46B3-B56D-18A183C5308D}.Release|x86.Build.0 = Release|Any CPU
		{E56F412D-A69C-485F-9420-E32775FBA6F2}.Debug|Any CPU.ActiveCfg = Debug|Any CPU
		{E56F412D-A69C-485F-9420-E32775FBA6F2}.Debug|Any CPU.Build.0 = Debug|Any CPU
		{E56F412D-A69C-485F-9420-E32775FBA6F2}.Debug|x64.ActiveCfg = Debug|Any CPU
		{E56F412D-A69C-485F-9420-E32775FBA6F2}.Debug|x64.Build.0 = Debug|Any CPU
		{E56F412D-A69C-485F-9420-E32775FBA6F2}.Debug|x86.ActiveCfg = Debug|Any CPU
		{E56F412D-A69C-485F-9420-E32775FBA6F2}.Debug|x86.Build.0 = Debug|Any CPU
		{E56F412D-A69C-485F-9420-E32775FBA6F2}.Release|Any CPU.ActiveCfg = Release|Any CPU
		{E56F412D-A69C-485F-9420-E32775FBA6F2}.Release|Any CPU.Build.0 = Release|Any CPU
		{E56F412D-A69C-485F-9420-E32775FBA6F2}.Release|x64.ActiveCfg = Release|Any CPU
		{E56F412D-A69C-485F-9420-E32775FBA6F2}.Release|x64.Build.0 = Release|Any CPU
		{E56F412D-A69C-485F-9420-E32775FBA6F2}.Release|x86.ActiveCfg = Release|Any CPU
		{E56F412D-A69C-485F-9420-E32775FBA6F2}.Release|x86.Build.0 = Release|Any CPU
		{966D1D3F-3F8F-462B-8EC2-954DE0F89AF7}.Debug|Any CPU.ActiveCfg = Debug|Any CPU
		{966D1D3F-3F8F-462B-8EC2-954DE0F89AF7}.Debug|Any CPU.Build.0 = Debug|Any CPU
		{966D1D3F-3F8F-462B-8EC2-954DE0F89AF7}.Debug|x64.ActiveCfg = Debug|Any CPU
		{966D1D3F-3F8F-462B-8EC2-954DE0F89AF7}.Debug|x64.Build.0 = Debug|Any CPU
		{966D1D3F-3F8F-462B-8EC2-954DE0F89AF7}.Debug|x86.ActiveCfg = Debug|Any CPU
		{966D1D3F-3F8F-462B-8EC2-954DE0F89AF7}.Debug|x86.Build.0 = Debug|Any CPU
		{966D1D3F-3F8F-462B-8EC2-954DE0F89AF7}.Release|Any CPU.ActiveCfg = Release|Any CPU
		{966D1D3F-3F8F-462B-8EC2-954DE0F89AF7}.Release|Any CPU.Build.0 = Release|Any CPU
		{966D1D3F-3F8F-462B-8EC2-954DE0F89AF7}.Release|x64.ActiveCfg = Release|Any CPU
		{966D1D3F-3F8F-462B-8EC2-954DE0F89AF7}.Release|x64.Build.0 = Release|Any CPU
		{966D1D3F-3F8F-462B-8EC2-954DE0F89AF7}.Release|x86.ActiveCfg = Release|Any CPU
		{966D1D3F-3F8F-462B-8EC2-954DE0F89AF7}.Release|x86.Build.0 = Release|Any CPU
		{8659E7FE-D7D2-4D2E-90B2-C74148257860}.Debug|Any CPU.ActiveCfg = Debug|Any CPU
		{8659E7FE-D7D2-4D2E-90B2-C74148257860}.Debug|Any CPU.Build.0 = Debug|Any CPU
		{8659E7FE-D7D2-4D2E-90B2-C74148257860}.Debug|x64.ActiveCfg = Debug|Any CPU
		{8659E7FE-D7D2-4D2E-90B2-C74148257860}.Debug|x64.Build.0 = Debug|Any CPU
		{8659E7FE-D7D2-4D2E-90B2-C74148257860}.Debug|x86.ActiveCfg = Debug|Any CPU
		{8659E7FE-D7D2-4D2E-90B2-C74148257860}.Debug|x86.Build.0 = Debug|Any CPU
		{8659E7FE-D7D2-4D2E-90B2-C74148257860}.Release|Any CPU.ActiveCfg = Release|Any CPU
		{8659E7FE-D7D2-4D2E-90B2-C74148257860}.Release|Any CPU.Build.0 = Release|Any CPU
		{8659E7FE-D7D2-4D2E-90B2-C74148257860}.Release|x64.ActiveCfg = Release|Any CPU
		{8659E7FE-D7D2-4D2E-90B2-C74148257860}.Release|x64.Build.0 = Release|Any CPU
		{8659E7FE-D7D2-4D2E-90B2-C74148257860}.Release|x86.ActiveCfg = Release|Any CPU
		{8659E7FE-D7D2-4D2E-90B2-C74148257860}.Release|x86.Build.0 = Release|Any CPU
	EndGlobalSection
	GlobalSection(SolutionProperties) = preSolution
		HideSolutionNode = FALSE
	EndGlobalSection
	GlobalSection(NestedProjects) = preSolution
		{4712BCAB-1643-4377-8208-56489351D314} = {827E0CD3-B72D-47B6-A68D-7590B98EB39B}
		{9343EF1A-26C2-442E-B1BE-4AD71B153631} = {827E0CD3-B72D-47B6-A68D-7590B98EB39B}
		{1A558604-B41C-46B3-B56D-18A183C5308D} = {827E0CD3-B72D-47B6-A68D-7590B98EB39B}
		{E56F412D-A69C-485F-9420-E32775FBA6F2} = {827E0CD3-B72D-47B6-A68D-7590B98EB39B}
		{966D1D3F-3F8F-462B-8EC2-954DE0F89AF7} = {827E0CD3-B72D-47B6-A68D-7590B98EB39B}
		{8659E7FE-D7D2-4D2E-90B2-C74148257860} = {0AB3BF05-4346-4AA6-1389-037BE0695223}
	EndGlobalSection
EndGlobal
